
Microsoft Visual Studio Solution File, Format Version 12.00
# Visual Studio Version 17
VisualStudioVersion = 17.1.32210.238
MinimumVisualStudioVersion = 10.0.40219.1
Project("{9A19103F-16F7-4668-BE54-9A1E7A4F7556}") = "CsharpCourse", "CsharpCourse\CsharpCourse.csproj", "{C907041E-ACFD-4A0F-B1C6-A8FE3D00B41E}"
EndProject
Project("{9A19103F-16F7-4668-BE54-9A1E7A4F7556}") = "TipoDeDato", "TipoDeDato\TipoDeDato.csproj", "{5DE025C3-3F3C-4B23-A0F3-68D23CDB769A}"
EndProject
Project("{9A19103F-16F7-4668-BE54-9A1E7A4F7556}") = "Funciones", "Funciones\Funciones.csproj", "{81784F65-F667-4831-AE7B-B71A14298CBF}"
EndProject
Project("{9A19103F-16F7-4668-BE54-9A1E7A4F7556}") = "SentenciaIfElseIf", "SentenciaIfElseIf\SentenciaIfElseIf.csproj", "{93CFD423-9E91-4D55-87CA-C9A061CA1600}"
EndProject
Project("{9A19103F-16F7-4668-BE54-9A1E7A4F7556}") = "SentenciaSwitch", "SentenciaSwitch\SentenciaSwitch.csproj", "{B9CCF1D3-0398-428A-ADE1-0F2660F8F4C3}"
EndProject
Project("{9A19103F-16F7-4668-BE54-9A1E7A4F7556}") = "Arreglos", "Arreglos\Arreglos.csproj", "{D33099ED-C89E-48B7-B351-ED0698E61257}"
EndProject
Project("{9A19103F-16F7-4668-BE54-9A1E7A4F7556}") = "BucleWhile", "BucleWhile\BucleWhile.csproj", "{961CA284-6C47-460A-ACBC-26A280B63673}"
EndProject
Project("{9A19103F-16F7-4668-BE54-9A1E7A4F7556}") = "For", "For\For.csproj", "{8761AD72-A0AA-4AED-9004-107F847E8F52}"
EndProject
Project("{9A19103F-16F7-4668-BE54-9A1E7A4F7556}") = "ClasesYObjetos", "ClasesYObjetos\ClasesYObjetos.csproj", "{C7D64B00-8C13-4DB2-91C7-EC040A608077}"
EndProject
Project("{9A19103F-16F7-4668-BE54-9A1E7A4F7556}") = "Propiedades", "Propiedades\Propiedades.csproj", "{B51E00B9-615D-430D-AE57-8E3AA9CEA7C3}"
EndProject
Project("{9A19103F-16F7-4668-BE54-9A1E7A4F7556}") = "HerenciaDeClase", "HerenciaDeClase\HerenciaDeClase.csproj", "{21B414B5-D93C-4706-A52A-ED192B13F89C}"
EndProject
Project("{9A19103F-16F7-4668-BE54-9A1E7A4F7556}") = "Sobrecarga", "Sobrecarga\Sobrecarga.csproj", "{C4F3AD11-ECBA-4F1F-B6A1-5534B2C777E1}"
EndProject
Project("{9A19103F-16F7-4668-BE54-9A1E7A4F7556}") = "Sobreescritura", "Sobreescritura\Sobreescritura.csproj", "{794F4D33-0C91-403A-B1B1-6B08BE697BFB}"
EndProject
Project("{9A19103F-16F7-4668-BE54-9A1E7A4F7556}") = "Static", "Static\Static.csproj", "{C767FBD7-1B55-43F7-BBC3-A2C36F7AB903}"
EndProject
Project("{9A19103F-16F7-4668-BE54-9A1E7A4F7556}") = "Interface", "Interface\Interface.csproj", "{A4B36489-A00A-4209-94AD-580B8F49EE4E}"
EndProject
Project("{9A19103F-16F7-4668-BE54-9A1E7A4F7556}") = "Generic", "Generic\Generic.csproj", "{CB87BF9F-039E-4022-9FB2-3631ED3FA0FB}"
EndProject
Project("{9A19103F-16F7-4668-BE54-9A1E7A4F7556}") = "Json", "Json\Json.csproj", "{AC1919BF-E280-413E-BB94-EAAD4E82B737}"
EndProject
Project("{9A19103F-16F7-4668-BE54-9A1E7A4F7556}") = "Lists", "Lists\Lists.csproj", "{5FEBF19F-6B3F-44FB-8DE3-5F2A31987B71}"
EndProject
Project("{9A19103F-16F7-4668-BE54-9A1E7A4F7556}") = "Foreach", "Foreach\Foreach.csproj", "{50198434-86A6-46B8-90F9-0D0AFB489297}"
EndProject
Project("{9A19103F-16F7-4668-BE54-9A1E7A4F7556}") = "MetodoslLists", "MetodoslLists\MetodoslLists.csproj", "{7CA7A7B0-0005-4507-A8B7-C6C8BD6E49D0}"
EndProject
Project("{9A19103F-16F7-4668-BE54-9A1E7A4F7556}") = "TiposAnonimos", "TiposAnonimos\TiposAnonimos.csproj", "{3DEDFE15-0E4C-423A-AA24-CF29755B4949}"
EndProject
Project("{9A19103F-16F7-4668-BE54-9A1E7A4F7556}") = "Tuplas", "Tuplas\Tuplas.csproj", "{B77FF09B-09D3-43D1-92B6-00E40EBCAFE6}"
EndProject
Project("{9A19103F-16F7-4668-BE54-9A1E7A4F7556}") = "Excepciones", "Excepciones\Excepciones.csproj", "{59B454A4-86B1-4F46-B978-B7E1E99FE668}"
EndProject
Project("{9A19103F-16F7-4668-BE54-9A1E7A4F7556}") = "ExcepcionesPersonalizadas", "ExcepcionesPersonalizadas\ExcepcionesPersonalizadas.csproj", "{6E3FD76D-BAFA-4517-BD52-4DD248E18DD5}"
EndProject
Project("{9A19103F-16F7-4668-BE54-9A1E7A4F7556}") = "LINQ", "LINQ\LINQ.csproj", "{C995AD8C-663C-484F-956D-DE84512E4F3E}"
EndProject
Project("{9A19103F-16F7-4668-BE54-9A1E7A4F7556}") = "LINQ_Join", "LINQ_Join\LINQ_Join.csproj", "{5F32CC9C-E9F5-429C-BE9D-BB65F3CB3A02}"
EndProject
Project("{9A19103F-16F7-4668-BE54-9A1E7A4F7556}") = "BaseDeDatos", "BaseDeDatos\BaseDeDatos.csproj", "{3ABDE025-E14F-42F7-BDFF-349FA50E518B}"
EndProject
Project("{9A19103F-16F7-4668-BE54-9A1E7A4F7556}") = "BD", "BD\BD\BD.csproj", "{EC2A25E0-C39C-4D5C-95C7-C2A2363D9CD9}"
EndProject
Project("{9A19103F-16F7-4668-BE54-9A1E7A4F7556}") = "EntityFrameworkSystem", "EntityFrameworkSystem\EntityFrameworkSystem.csproj", "{FB496213-6196-45BF-9B3F-5FA606DA8654}"
EndProject
Project("{9A19103F-16F7-4668-BE54-9A1E7A4F7556}") = "FunctionalProgramming", "FunctionalProgramming\FunctionalProgramming.csproj", "{0CB63619-78DE-4E73-AFBA-DBE24B8DBD80}"
EndProject
Project("{9A19103F-16F7-4668-BE54-9A1E7A4F7556}") = "CollectionFive", "Collection5\CollectionFive.csproj", "{87C07986-5C26-401B-8658-FD2EC44DB5D2}"
EndProject
Project("{9A19103F-16F7-4668-BE54-9A1E7A4F7556}") = "AbstractClass", "AbstractClass\AbstractClass.csproj", "{E028899B-2956-4E44-A350-F1FF640B4C16}"
EndProject
Project("{9A19103F-16F7-4668-BE54-9A1E7A4F7556}") = "TaskCsharp", "TaskCsharp\TaskCsharp.csproj", "{D36E615F-2992-4008-8272-22BCE2066FCF}"
EndProject
Project("{9A19103F-16F7-4668-BE54-9A1E7A4F7556}") = "GeneInterWher", "GeneInterWher\GeneInterWher.csproj", "{08E305E8-2598-419F-9A02-31BE6BDAFA78}"
EndProject
Project("{FAE04EC0-301F-11D3-BF4B-00C04F79EFBC}") = "Dynamic", "Dynamic\Dynamic.csproj", "{BE20B79E-3EC4-4BF0-A19E-D79956485962}"
EndProject
Global
	GlobalSection(SolutionConfigurationPlatforms) = preSolution
		Debug|Any CPU = Debug|Any CPU
		Release|Any CPU = Release|Any CPU
	EndGlobalSection
	GlobalSection(ProjectConfigurationPlatforms) = postSolution
		{C907041E-ACFD-4A0F-B1C6-A8FE3D00B41E}.Debug|Any CPU.ActiveCfg = Debug|Any CPU
		{C907041E-ACFD-4A0F-B1C6-A8FE3D00B41E}.Debug|Any CPU.Build.0 = Debug|Any CPU
		{C907041E-ACFD-4A0F-B1C6-A8FE3D00B41E}.Release|Any CPU.ActiveCfg = Release|Any CPU
		{C907041E-ACFD-4A0F-B1C6-A8FE3D00B41E}.Release|Any CPU.Build.0 = Release|Any CPU
		{5DE025C3-3F3C-4B23-A0F3-68D23CDB769A}.Debug|Any CPU.ActiveCfg = Debug|Any CPU
		{5DE025C3-3F3C-4B23-A0F3-68D23CDB769A}.Debug|Any CPU.Build.0 = Debug|Any CPU
		{5DE025C3-3F3C-4B23-A0F3-68D23CDB769A}.Release|Any CPU.ActiveCfg = Release|Any CPU
		{5DE025C3-3F3C-4B23-A0F3-68D23CDB769A}.Release|Any CPU.Build.0 = Release|Any CPU
		{81784F65-F667-4831-AE7B-B71A14298CBF}.Debug|Any CPU.ActiveCfg = Debug|Any CPU
		{81784F65-F667-4831-AE7B-B71A14298CBF}.Debug|Any CPU.Build.0 = Debug|Any CPU
		{81784F65-F667-4831-AE7B-B71A14298CBF}.Release|Any CPU.ActiveCfg = Release|Any CPU
		{81784F65-F667-4831-AE7B-B71A14298CBF}.Release|Any CPU.Build.0 = Release|Any CPU
		{93CFD423-9E91-4D55-87CA-C9A061CA1600}.Debug|Any CPU.ActiveCfg = Debug|Any CPU
		{93CFD423-9E91-4D55-87CA-C9A061CA1600}.Debug|Any CPU.Build.0 = Debug|Any CPU
		{93CFD423-9E91-4D55-87CA-C9A061CA1600}.Release|Any CPU.ActiveCfg = Release|Any CPU
		{93CFD423-9E91-4D55-87CA-C9A061CA1600}.Release|Any CPU.Build.0 = Release|Any CPU
		{B9CCF1D3-0398-428A-ADE1-0F2660F8F4C3}.Debug|Any CPU.ActiveCfg = Debug|Any CPU
		{B9CCF1D3-0398-428A-ADE1-0F2660F8F4C3}.Debug|Any CPU.Build.0 = Debug|Any CPU
		{B9CCF1D3-0398-428A-ADE1-0F2660F8F4C3}.Release|Any CPU.ActiveCfg = Release|Any CPU
		{B9CCF1D3-0398-428A-ADE1-0F2660F8F4C3}.Release|Any CPU.Build.0 = Release|Any CPU
		{D33099ED-C89E-48B7-B351-ED0698E61257}.Debug|Any CPU.ActiveCfg = Debug|Any CPU
		{D33099ED-C89E-48B7-B351-ED0698E61257}.Debug|Any CPU.Build.0 = Debug|Any CPU
		{D33099ED-C89E-48B7-B351-ED0698E61257}.Release|Any CPU.ActiveCfg = Release|Any CPU
		{D33099ED-C89E-48B7-B351-ED0698E61257}.Release|Any CPU.Build.0 = Release|Any CPU
		{961CA284-6C47-460A-ACBC-26A280B63673}.Debug|Any CPU.ActiveCfg = Debug|Any CPU
		{961CA284-6C47-460A-ACBC-26A280B63673}.Debug|Any CPU.Build.0 = Debug|Any CPU
		{961CA284-6C47-460A-ACBC-26A280B63673}.Release|Any CPU.ActiveCfg = Release|Any CPU
		{961CA284-6C47-460A-ACBC-26A280B63673}.Release|Any CPU.Build.0 = Release|Any CPU
		{8761AD72-A0AA-4AED-9004-107F847E8F52}.Debug|Any CPU.ActiveCfg = Debug|Any CPU
		{8761AD72-A0AA-4AED-9004-107F847E8F52}.Debug|Any CPU.Build.0 = Debug|Any CPU
		{8761AD72-A0AA-4AED-9004-107F847E8F52}.Release|Any CPU.ActiveCfg = Release|Any CPU
		{8761AD72-A0AA-4AED-9004-107F847E8F52}.Release|Any CPU.Build.0 = Release|Any CPU
		{C7D64B00-8C13-4DB2-91C7-EC040A608077}.Debug|Any CPU.ActiveCfg = Debug|Any CPU
		{C7D64B00-8C13-4DB2-91C7-EC040A608077}.Debug|Any CPU.Build.0 = Debug|Any CPU
		{C7D64B00-8C13-4DB2-91C7-EC040A608077}.Release|Any CPU.ActiveCfg = Release|Any CPU
		{C7D64B00-8C13-4DB2-91C7-EC040A608077}.Release|Any CPU.Build.0 = Release|Any CPU
		{B51E00B9-615D-430D-AE57-8E3AA9CEA7C3}.Debug|Any CPU.ActiveCfg = Debug|Any CPU
		{B51E00B9-615D-430D-AE57-8E3AA9CEA7C3}.Debug|Any CPU.Build.0 = Debug|Any CPU
		{B51E00B9-615D-430D-AE57-8E3AA9CEA7C3}.Release|Any CPU.ActiveCfg = Release|Any CPU
		{B51E00B9-615D-430D-AE57-8E3AA9CEA7C3}.Release|Any CPU.Build.0 = Release|Any CPU
		{21B414B5-D93C-4706-A52A-ED192B13F89C}.Debug|Any CPU.ActiveCfg = Debug|Any CPU
		{21B414B5-D93C-4706-A52A-ED192B13F89C}.Debug|Any CPU.Build.0 = Debug|Any CPU
		{21B414B5-D93C-4706-A52A-ED192B13F89C}.Release|Any CPU.ActiveCfg = Release|Any CPU
		{21B414B5-D93C-4706-A52A-ED192B13F89C}.Release|Any CPU.Build.0 = Release|Any CPU
		{C4F3AD11-ECBA-4F1F-B6A1-5534B2C777E1}.Debug|Any CPU.ActiveCfg = Debug|Any CPU
		{C4F3AD11-ECBA-4F1F-B6A1-5534B2C777E1}.Debug|Any CPU.Build.0 = Debug|Any CPU
		{C4F3AD11-ECBA-4F1F-B6A1-5534B2C777E1}.Release|Any CPU.ActiveCfg = Release|Any CPU
		{C4F3AD11-ECBA-4F1F-B6A1-5534B2C777E1}.Release|Any CPU.Build.0 = Release|Any CPU
		{794F4D33-0C91-403A-B1B1-6B08BE697BFB}.Debug|Any CPU.ActiveCfg = Debug|Any CPU
		{794F4D33-0C91-403A-B1B1-6B08BE697BFB}.Debug|Any CPU.Build.0 = Debug|Any CPU
		{794F4D33-0C91-403A-B1B1-6B08BE697BFB}.Release|Any CPU.ActiveCfg = Release|Any CPU
		{794F4D33-0C91-403A-B1B1-6B08BE697BFB}.Release|Any CPU.Build.0 = Release|Any CPU
		{C767FBD7-1B55-43F7-BBC3-A2C36F7AB903}.Debug|Any CPU.ActiveCfg = Debug|Any CPU
		{C767FBD7-1B55-43F7-BBC3-A2C36F7AB903}.Debug|Any CPU.Build.0 = Debug|Any CPU
		{C767FBD7-1B55-43F7-BBC3-A2C36F7AB903}.Release|Any CPU.ActiveCfg = Release|Any CPU
		{C767FBD7-1B55-43F7-BBC3-A2C36F7AB903}.Release|Any CPU.Build.0 = Release|Any CPU
		{A4B36489-A00A-4209-94AD-580B8F49EE4E}.Debug|Any CPU.ActiveCfg = Debug|Any CPU
		{A4B36489-A00A-4209-94AD-580B8F49EE4E}.Debug|Any CPU.Build.0 = Debug|Any CPU
		{A4B36489-A00A-4209-94AD-580B8F49EE4E}.Release|Any CPU.ActiveCfg = Release|Any CPU
		{A4B36489-A00A-4209-94AD-580B8F49EE4E}.Release|Any CPU.Build.0 = Release|Any CPU
		{CB87BF9F-039E-4022-9FB2-3631ED3FA0FB}.Debug|Any CPU.ActiveCfg = Debug|Any CPU
		{CB87BF9F-039E-4022-9FB2-3631ED3FA0FB}.Debug|Any CPU.Build.0 = Debug|Any CPU
		{CB87BF9F-039E-4022-9FB2-3631ED3FA0FB}.Release|Any CPU.ActiveCfg = Release|Any CPU
		{CB87BF9F-039E-4022-9FB2-3631ED3FA0FB}.Release|Any CPU.Build.0 = Release|Any CPU
		{AC1919BF-E280-413E-BB94-EAAD4E82B737}.Debug|Any CPU.ActiveCfg = Debug|Any CPU
		{AC1919BF-E280-413E-BB94-EAAD4E82B737}.Debug|Any CPU.Build.0 = Debug|Any CPU
		{AC1919BF-E280-413E-BB94-EAAD4E82B737}.Release|Any CPU.ActiveCfg = Release|Any CPU
		{AC1919BF-E280-413E-BB94-EAAD4E82B737}.Release|Any CPU.Build.0 = Release|Any CPU
		{5FEBF19F-6B3F-44FB-8DE3-5F2A31987B71}.Debug|Any CPU.ActiveCfg = Debug|Any CPU
		{5FEBF19F-6B3F-44FB-8DE3-5F2A31987B71}.Debug|Any CPU.Build.0 = Debug|Any CPU
		{5FEBF19F-6B3F-44FB-8DE3-5F2A31987B71}.Release|Any CPU.ActiveCfg = Release|Any CPU
		{5FEBF19F-6B3F-44FB-8DE3-5F2A31987B71}.Release|Any CPU.Build.0 = Release|Any CPU
		{50198434-86A6-46B8-90F9-0D0AFB489297}.Debug|Any CPU.ActiveCfg = Debug|Any CPU
		{50198434-86A6-46B8-90F9-0D0AFB489297}.Debug|Any CPU.Build.0 = Debug|Any CPU
		{50198434-86A6-46B8-90F9-0D0AFB489297}.Release|Any CPU.ActiveCfg = Release|Any CPU
		{50198434-86A6-46B8-90F9-0D0AFB489297}.Release|Any CPU.Build.0 = Release|Any CPU
		{7CA7A7B0-0005-4507-A8B7-C6C8BD6E49D0}.Debug|Any CPU.ActiveCfg = Debug|Any CPU
		{7CA7A7B0-0005-4507-A8B7-C6C8BD6E49D0}.Debug|Any CPU.Build.0 = Debug|Any CPU
		{7CA7A7B0-0005-4507-A8B7-C6C8BD6E49D0}.Release|Any CPU.ActiveCfg = Release|Any CPU
		{7CA7A7B0-0005-4507-A8B7-C6C8BD6E49D0}.Release|Any CPU.Build.0 = Release|Any CPU
		{3DEDFE15-0E4C-423A-AA24-CF29755B4949}.Debug|Any CPU.ActiveCfg = Debug|Any CPU
		{3DEDFE15-0E4C-423A-AA24-CF29755B4949}.Debug|Any CPU.Build.0 = Debug|Any CPU
		{3DEDFE15-0E4C-423A-AA24-CF29755B4949}.Release|Any CPU.ActiveCfg = Release|Any CPU
		{3DEDFE15-0E4C-423A-AA24-CF29755B4949}.Release|Any CPU.Build.0 = Release|Any CPU
		{B77FF09B-09D3-43D1-92B6-00E40EBCAFE6}.Debug|Any CPU.ActiveCfg = Debug|Any CPU
		{B77FF09B-09D3-43D1-92B6-00E40EBCAFE6}.Debug|Any CPU.Build.0 = Debug|Any CPU
		{B77FF09B-09D3-43D1-92B6-00E40EBCAFE6}.Release|Any CPU.ActiveCfg = Release|Any CPU
		{B77FF09B-09D3-43D1-92B6-00E40EBCAFE6}.Release|Any CPU.Build.0 = Release|Any CPU
		{59B454A4-86B1-4F46-B978-B7E1E99FE668}.Debug|Any CPU.ActiveCfg = Debug|Any CPU
		{59B454A4-86B1-4F46-B978-B7E1E99FE668}.Debug|Any CPU.Build.0 = Debug|Any CPU
		{59B454A4-86B1-4F46-B978-B7E1E99FE668}.Release|Any CPU.ActiveCfg = Release|Any CPU
		{59B454A4-86B1-4F46-B978-B7E1E99FE668}.Release|Any CPU.Build.0 = Release|Any CPU
		{6E3FD76D-BAFA-4517-BD52-4DD248E18DD5}.Debug|Any CPU.ActiveCfg = Debug|Any CPU
		{6E3FD76D-BAFA-4517-BD52-4DD248E18DD5}.Debug|Any CPU.Build.0 = Debug|Any CPU
		{6E3FD76D-BAFA-4517-BD52-4DD248E18DD5}.Release|Any CPU.ActiveCfg = Release|Any CPU
		{6E3FD76D-BAFA-4517-BD52-4DD248E18DD5}.Release|Any CPU.Build.0 = Release|Any CPU
		{C995AD8C-663C-484F-956D-DE84512E4F3E}.Debug|Any CPU.ActiveCfg = Debug|Any CPU
		{C995AD8C-663C-484F-956D-DE84512E4F3E}.Debug|Any CPU.Build.0 = Debug|Any CPU
		{C995AD8C-663C-484F-956D-DE84512E4F3E}.Release|Any CPU.ActiveCfg = Release|Any CPU
		{C995AD8C-663C-484F-956D-DE84512E4F3E}.Release|Any CPU.Build.0 = Release|Any CPU
		{5F32CC9C-E9F5-429C-BE9D-BB65F3CB3A02}.Debug|Any CPU.ActiveCfg = Debug|Any CPU
		{5F32CC9C-E9F5-429C-BE9D-BB65F3CB3A02}.Debug|Any CPU.Build.0 = Debug|Any CPU
		{5F32CC9C-E9F5-429C-BE9D-BB65F3CB3A02}.Release|Any CPU.ActiveCfg = Release|Any CPU
		{5F32CC9C-E9F5-429C-BE9D-BB65F3CB3A02}.Release|Any CPU.Build.0 = Release|Any CPU
		{3ABDE025-E14F-42F7-BDFF-349FA50E518B}.Debug|Any CPU.ActiveCfg = Debug|Any CPU
		{3ABDE025-E14F-42F7-BDFF-349FA50E518B}.Debug|Any CPU.Build.0 = Debug|Any CPU
		{3ABDE025-E14F-42F7-BDFF-349FA50E518B}.Release|Any CPU.ActiveCfg = Release|Any CPU
		{3ABDE025-E14F-42F7-BDFF-349FA50E518B}.Release|Any CPU.Build.0 = Release|Any CPU
		{EC2A25E0-C39C-4D5C-95C7-C2A2363D9CD9}.Debug|Any CPU.ActiveCfg = Debug|Any CPU
		{EC2A25E0-C39C-4D5C-95C7-C2A2363D9CD9}.Debug|Any CPU.Build.0 = Debug|Any CPU
		{EC2A25E0-C39C-4D5C-95C7-C2A2363D9CD9}.Release|Any CPU.ActiveCfg = Release|Any CPU
		{EC2A25E0-C39C-4D5C-95C7-C2A2363D9CD9}.Release|Any CPU.Build.0 = Release|Any CPU
		{FB496213-6196-45BF-9B3F-5FA606DA8654}.Debug|Any CPU.ActiveCfg = Debug|Any CPU
		{FB496213-6196-45BF-9B3F-5FA606DA8654}.Debug|Any CPU.Build.0 = Debug|Any CPU
		{FB496213-6196-45BF-9B3F-5FA606DA8654}.Release|Any CPU.ActiveCfg = Release|Any CPU
		{FB496213-6196-45BF-9B3F-5FA606DA8654}.Release|Any CPU.Build.0 = Release|Any CPU
		{0CB63619-78DE-4E73-AFBA-DBE24B8DBD80}.Debug|Any CPU.ActiveCfg = Debug|Any CPU
		{0CB63619-78DE-4E73-AFBA-DBE24B8DBD80}.Debug|Any CPU.Build.0 = Debug|Any CPU
		{0CB63619-78DE-4E73-AFBA-DBE24B8DBD80}.Release|Any CPU.ActiveCfg = Release|Any CPU
		{0CB63619-78DE-4E73-AFBA-DBE24B8DBD80}.Release|Any CPU.Build.0 = Release|Any CPU
		{87C07986-5C26-401B-8658-FD2EC44DB5D2}.Debug|Any CPU.ActiveCfg = Debug|Any CPU
		{87C07986-5C26-401B-8658-FD2EC44DB5D2}.Debug|Any CPU.Build.0 = Debug|Any CPU
		{87C07986-5C26-401B-8658-FD2EC44DB5D2}.Release|Any CPU.ActiveCfg = Release|Any CPU
		{87C07986-5C26-401B-8658-FD2EC44DB5D2}.Release|Any CPU.Build.0 = Release|Any CPU
		{E028899B-2956-4E44-A350-F1FF640B4C16}.Debug|Any CPU.ActiveCfg = Debug|Any CPU
		{E028899B-2956-4E44-A350-F1FF640B4C16}.Debug|Any CPU.Build.0 = Debug|Any CPU
		{E028899B-2956-4E44-A350-F1FF640B4C16}.Release|Any CPU.ActiveCfg = Release|Any CPU
		{E028899B-2956-4E44-A350-F1FF640B4C16}.Release|Any CPU.Build.0 = Release|Any CPU
		{D36E615F-2992-4008-8272-22BCE2066FCF}.Debug|Any CPU.ActiveCfg = Debug|Any CPU
		{D36E615F-2992-4008-8272-22BCE2066FCF}.Debug|Any CPU.Build.0 = Debug|Any CPU
		{D36E615F-2992-4008-8272-22BCE2066FCF}.Release|Any CPU.ActiveCfg = Release|Any CPU
		{D36E615F-2992-4008-8272-22BCE2066FCF}.Release|Any CPU.Build.0 = Release|Any CPU
		{08E305E8-2598-419F-9A02-31BE6BDAFA78}.Debug|Any CPU.ActiveCfg = Debug|Any CPU
		{08E305E8-2598-419F-9A02-31BE6BDAFA78}.Debug|Any CPU.Build.0 = Debug|Any CPU
		{08E305E8-2598-419F-9A02-31BE6BDAFA78}.Release|Any CPU.ActiveCfg = Release|Any CPU
		{08E305E8-2598-419F-9A02-31BE6BDAFA78}.Release|Any CPU.Build.0 = Release|Any CPU
		{BE20B79E-3EC4-4BF0-A19E-D79956485962}.Debug|Any CPU.ActiveCfg = Debug|Any CPU
		{BE20B79E-3EC4-4BF0-A19E-D79956485962}.Debug|Any CPU.Build.0 = Debug|Any CPU
		{BE20B79E-3EC4-4BF0-A19E-D79956485962}.Release|Any CPU.ActiveCfg = Release|Any CPU
		{BE20B79E-3EC4-4BF0-A19E-D79956485962}.Release|Any CPU.Build.0 = Release|Any CPU
	EndGlobalSection
	GlobalSection(SolutionProperties) = preSolution
		HideSolutionNode = FALSE
	EndGlobalSection
	GlobalSection(ExtensibilityGlobals) = postSolution
		SolutionGuid = {C1573895-082F-4138-B7BE-B812BAC3527C}
	EndGlobalSection
EndGlobal
